
Microsoft Visual Studio Solution File, Format Version 12.00
# Visual Studio 15
VisualStudioVersion = 15.0.27703.2026
MinimumVisualStudioVersion = 10.0.40219.1
Project("{E24C65DC-7377-472B-9ABA-BC803B73C61A}") = "Danskii", ".", "{CB8E061A-5D6F-4C94-8CAC-3430E9FE6DD4}"
	ProjectSection(WebsiteProperties) = preProject
		TargetFrameworkMoniker = ".NETFramework,Version%3Dv4.5"
		Debug.AspNetCompiler.VirtualPath = "/localhost_54970"
		Debug.AspNetCompiler.PhysicalPath = "..\Danskii\"
		Debug.AspNetCompiler.TargetPath = "PrecompiledWeb\localhost_54970\"
		Debug.AspNetCompiler.Updateable = "true"
		Debug.AspNetCompiler.ForceOverwrite = "true"
		Debug.AspNetCompiler.FixedNames = "false"
		Debug.AspNetCompiler.Debug = "True"
		Release.AspNetCompiler.VirtualPath = "/localhost_54970"
		Release.AspNetCompiler.PhysicalPath = "..\Danskii\"
		Release.AspNetCompiler.TargetPath = "PrecompiledWeb\localhost_54970\"
		Release.AspNetCompiler.Updateable = "true"
		Release.AspNetCompiler.ForceOverwrite = "true"
		Release.AspNetCompiler.FixedNames = "false"
		Release.AspNetCompiler.Debug = "False"
		VWDPort = "54970"
		SlnRelativePath = "..\Danskii\"
	EndProjectSection
EndProject
Global
	GlobalSection(SolutionConfigurationPlatforms) = preSolution
		Debug|Any CPU = Debug|Any CPU
	EndGlobalSection
	GlobalSection(ProjectConfigurationPlatforms) = postSolution
		{CB8E061A-5D6F-4C94-8CAC-3430E9FE6DD4}.Debug|Any CPU.ActiveCfg = Debug|Any CPU
		{CB8E061A-5D6F-4C94-8CAC-3430E9FE6DD4}.Debug|Any CPU.Build.0 = Debug|Any CPU
	EndGlobalSection
	GlobalSection(SolutionProperties) = preSolution
		HideSolutionNode = FALSE
	EndGlobalSection
	GlobalSection(ExtensibilityGlobals) = postSolution
		SolutionGuid = {17D117DE-CE69-45BE-BE7D-2243D007A975}
	EndGlobalSection
EndGlobal
